
Microsoft Visual Studio Solution File, Format Version 12.00
# Visual Studio Version 17
VisualStudioVersion = 17.9.34728.123
MinimumVisualStudioVersion = 10.0.40219.1
Project("{9A19103F-16F7-4668-BE54-9A1E7A4F7556}") = "HtmlGenerator", "HtmlGenerator.csproj", "{3B965C0E-4D19-4807-B9F5-1D055CFCEA29}"
EndProject
Project("{2150E333-8FDC-42A3-9474-1A3956D46DE8}") = "Элементы решения", "Элементы решения", "{68F00C0B-EFB6-437C-99B7-F91061C553C0}"
	ProjectSection(SolutionItems) = preProject
		README.md = README.md
	EndProjectSection
EndProject
Global
	GlobalSection(SolutionConfigurationPlatforms) = preSolution
		Debug|Any CPU = Debug|Any CPU
		Release|Any CPU = Release|Any CPU
	EndGlobalSection
	GlobalSection(ProjectConfigurationPlatforms) = postSolution
		{3B965C0E-4D19-4807-B9F5-1D055CFCEA29}.Debug|Any CPU.ActiveCfg = Debug|Any CPU
		{3B965C0E-4D19-4807-B9F5-1D055CFCEA29}.Debug|Any CPU.Build.0 = Debug|Any CPU
		{3B965C0E-4D19-4807-B9F5-1D055CFCEA29}.Release|Any CPU.ActiveCfg = Release|Any CPU
		{3B965C0E-4D19-4807-B9F5-1D055CFCEA29}.Release|Any CPU.Build.0 = Release|Any CPU
	EndGlobalSection
	GlobalSection(SolutionProperties) = preSolution
		HideSolutionNode = FALSE
	EndGlobalSection
	GlobalSection(ExtensibilityGlobals) = postSolution
		SolutionGuid = {7ADED55D-A556-4449-B54F-C5EE31DAABC9}
	EndGlobalSection
EndGlobal
